{
  "name": "test-lit",
  "version": "1.0.0",
  "lockfileVersion": 1,
  "requires": true,
  "dependencies": {
    "@internetarchive/lazy-loader-service": {
      "version": "0.1.0",
      "resolved": "https://registry.nlark.com/@internetarchive/lazy-loader-service/download/@internetarchive/lazy-loader-service-0.1.0.tgz",
      "integrity": "sha1-HU9x9KEGVEwjoDOa5fE5PIjcf8M="
    },
    "@internetarchive/lit-jwplayer": {
      "version": "0.0.1-alpha.1",
      "resolved": "https://registry.nlark.com/@internetarchive/lit-jwplayer/download/@internetarchive/lit-jwplayer-0.0.1-alpha.1.tgz",
      "integrity": "sha1-Jv0qWUWtK5oHBjnHa4/PXKSfX0Q=",
      "requires": {
        "@internetarchive/lazy-loader-service": "^0.1.0",
        "lit-element": "^2.4.0",
        "lit-html": "^1.3.0"
      }
    },
    "@lit/reactive-element": {
      "version": "1.0.0-rc.3",
      "resolved": "https://registry.npmjs.org/@lit/reactive-element/-/reactive-element-1.0.0-rc.3.tgz",
      "integrity": "sha512-Rs2px1keOQUNJUo5B+WExl5v244ZNCiN/iMVNO9evFdJjAdWCIupR/p14zRPkNHsciRBELLTcOZ379cI9O6PDg=="
    },
    "@types/trusted-types": {
      "version": "1.0.6",
      "resolved": "https://registry.npmjs.org/@types/trusted-types/-/trusted-types-1.0.6.tgz",
      "integrity": "sha512-230RC8sFeHoT6sSUlRO6a8cAnclO06eeiq1QDfiv2FGCLWFvvERWgwIQD4FWqD9A69BN7Lzee4OXwoMVnnsWDw=="
    },
    "@vanillawc/wc-menu-wrapper": {
      "version": "0.0.5",
      "resolved": "https://registry.nlark.com/@vanillawc/wc-menu-wrapper/download/@vanillawc/wc-menu-wrapper-0.0.5.tgz",
      "integrity": "sha1-es1InnHwjaBFcvNRaMabB/H8hEg="
    },
    "james-wc": {
      "version": "0.0.4-0",
      "resolved": "https://registry.nlark.com/james-wc/download/james-wc-0.0.4-0.tgz",
      "integrity": "sha1-RBC8RMZuSNGnA2AiUiqgxRDOlNs=",
      "requires": {
        "@vanillawc/wc-menu-wrapper": "0.0.5",
        "lit-element": "^2.5.1",
        "lit-html": "^1.4.1"
      }
    },
    "james-wc1": {
      "version": "0.0.0",
      "resolved": "https://registry.npmjs.org/james-wc1/-/james-wc1-0.0.0.tgz",
      "integrity": "sha512-L9EQhd3cxUQXq4awG/WPtNlXbKPsobAvzY7kQt/r0F8zVn0Mve82HQMJ9I9n2Sb8oB6oxwmUaWivk9ANBzqiFw==",
      "requires": {
        "lit": "^2.0.0-rc.3"
      }
    },
    "lit": {
      "version": "2.0.0-rc.3",
      "resolved": "https://registry.npmjs.org/lit/-/lit-2.0.0-rc.3.tgz",
      "integrity": "sha512-UZDLWuspl7saA+WvS0e+TE3NdGGE05hOIwUPTWiibs34c5QupcEzpjB/aElt79V9bELQVNbUUwa0Ow7D1Wuszw==",
      "requires": {
        "@lit/reactive-element": "^1.0.0-rc.2",
        "lit-element": "^3.0.0-rc.2",
        "lit-html": "^2.0.0-rc.4"
      },
      "dependencies": {
        "lit-element": {
          "version": "3.0.0-rc.3",
          "resolved": "https://registry.npmjs.org/lit-element/-/lit-element-3.0.0-rc.3.tgz",
          "integrity": "sha512-NDe7yjW18gfYQb1GIEQr1T8sB1GUAb1HB62pdAEw+SK6lUW7OFPKQqCOlRhZ6qJXsw9KxMnyYIprLZT4FZdYdQ==",
          "requires": {
            "@lit/reactive-element": "^1.0.0-rc.2",
            "lit-html": "^2.0.0-rc.4"
          }
        },
        "lit-html": {
          "version": "2.0.0-rc.4",
          "resolved": "https://registry.npmjs.org/lit-html/-/lit-html-2.0.0-rc.4.tgz",
          "integrity": "sha512-WSLGu3vxq7y8q/oOd9I3zxyBELNLLiDk6gAYoKK4PGctI5fbh6lhnO/jVBdy0PV/vTc+cLJCA/occzx3YoNPeg==",
          "requires": {
            "@types/trusted-types": "^1.0.1"
          }
        }
      }
    },
    "lit-element": {
      "version": "2.5.1",
      "resolved": "https://registry.nlark.com/lit-element/download/lit-element-2.5.1.tgz",
      "integrity": "sha1-P6dLEhps0ikCQJrjhZt4R9AaprY=",
      "requires": {
        "lit-html": "^1.1.1"
      }
    },
    "lit-html": {
      "version": "1.4.1",
      "resolved": "https://registry.nlark.com/lit-html/download/lit-html-1.4.1.tgz",
      "integrity": "sha1-DG8+5K1OthCkmDF4fwR4rY6a5eA="
    },
    "typescript": {
      "version": "4.3.5",
      "resolved": "https://registry.nlark.com/typescript/download/typescript-4.3.5.tgz",
      "integrity": "sha1-TRw3zBbok5c8RaBohrcRMjTxGfQ=",
      "dev": true
    }
  }
}
